
Microsoft Visual Studio Solution File, Format Version 12.00
# Visual Studio 2017
Project("{FAE04EC0-301F-11D3-BF4B-00C04F79EFBC}") = "Solarus", "Solarus.csproj", "{A466192B-CAA7-4913-060A-5C88ADF4C166}"
EndProject
Project("{FAE04EC0-301F-11D3-BF4B-00C04F79EFBC}") = "Solarus.Plugins", "Solarus.Plugins.csproj", "{6B148FD5-AEAE-830A-4423-6F7D7DFBEFF6}"
EndProject
Project("{FAE04EC0-301F-11D3-BF4B-00C04F79EFBC}") = "Solarus.Editor", "Solarus.Editor.csproj", "{93B35FE9-4BE4-D7CF-3C08-F3F189F785B8}"
EndProject
Global
	GlobalSection(SolutionConfigurationPlatforms) = preSolution
		Debug|Any CPU = Debug|Any CPU
		Release|Any CPU = Release|Any CPU
	EndGlobalSection
	GlobalSection(ProjectConfigurationPlatforms) = postSolution
		{A466192B-CAA7-4913-060A-5C88ADF4C166}.Debug|Any CPU.ActiveCfg = Debug|Any CPU
		{A466192B-CAA7-4913-060A-5C88ADF4C166}.Debug|Any CPU.Build.0 = Debug|Any CPU
		{A466192B-CAA7-4913-060A-5C88ADF4C166}.Release|Any CPU.ActiveCfg = Release|Any CPU
		{A466192B-CAA7-4913-060A-5C88ADF4C166}.Release|Any CPU.Build.0 = Release|Any CPU
		{6B148FD5-AEAE-830A-4423-6F7D7DFBEFF6}.Debug|Any CPU.ActiveCfg = Debug|Any CPU
		{6B148FD5-AEAE-830A-4423-6F7D7DFBEFF6}.Debug|Any CPU.Build.0 = Debug|Any CPU
		{6B148FD5-AEAE-830A-4423-6F7D7DFBEFF6}.Release|Any CPU.ActiveCfg = Release|Any CPU
		{6B148FD5-AEAE-830A-4423-6F7D7DFBEFF6}.Release|Any CPU.Build.0 = Release|Any CPU
		{93B35FE9-4BE4-D7CF-3C08-F3F189F785B8}.Debug|Any CPU.ActiveCfg = Debug|Any CPU
		{93B35FE9-4BE4-D7CF-3C08-F3F189F785B8}.Debug|Any CPU.Build.0 = Debug|Any CPU
		{93B35FE9-4BE4-D7CF-3C08-F3F189F785B8}.Release|Any CPU.ActiveCfg = Release|Any CPU
		{93B35FE9-4BE4-D7CF-3C08-F3F189F785B8}.Release|Any CPU.Build.0 = Release|Any CPU
	EndGlobalSection
	GlobalSection(SolutionProperties) = preSolution
		HideSolutionNode = FALSE
	EndGlobalSection
EndGlobal
